PODS:
  - ApiAI (0.5.5):
    - ApiAI/AudioFileConverter (= 0.5.5)
    - ApiAI/Core (= 0.5.5)
    - ApiAI/ResponseMapping (= 0.5.5)
    - ApiAI/UIKit (= 0.5.5)
    - ApiAI/UserEntities (= 0.5.5)
    - ApiAI/VoiceFileRequest (= 0.5.5)
    - ApiAI/VoiceRequest (= 0.5.5)
  - ApiAI/AudioFileConverter (0.5.5):
    - ApiAI/Core
  - ApiAI/Core (0.5.5)
  - ApiAI/ResponseMapping (0.5.5):
    - ApiAI/Core
  - ApiAI/UIKit (0.5.5):
    - ApiAI/Core
    - ApiAI/VoiceRequest
  - ApiAI/UserEntities (0.5.5):
    - ApiAI/Core
  - ApiAI/VoiceFileRequest (0.5.5):
    - ApiAI/Core
  - ApiAI/VoiceRequest (0.5.5):
    - ApiAI/Core

DEPENDENCIES:
  - ApiAI

SPEC CHECKSUMS:
  ApiAI: f812efe6bff8b6d980b15ffd40c3e74ae8f467c4

PODFILE CHECKSUM: faf53d691d367dba7499c51269c75534ec48cc1b

COCOAPODS: 1.1.1
